<?xml version="1.0" encoding="utf-8"?>
<Project ToolsVersion="4.0" xmlns="http://schemas.microsoft.com/developer/msbuild/2003">
  <ItemGroup>
    <Filter Include="win32">
      <UniqueIdentifier>{84a8ebd7-7cf0-47f6-b75e-d441df67da40}</UniqueIdentifier>
    </Filter>
    <Filter Include="resource">
      <UniqueIdentifier>{715254bc-d70b-4ec5-bf29-467dd3ace079}</UniqueIdentifier>
    </Filter>
    <Filter Include="src">
      <UniqueIdentifier>{bb6c862e-70e9-49d9-81b7-3829a6f50471}</UniqueIdentifier>
    </Filter>
  </ItemGroup>
  <ItemGroup>
    <ClCompile Include="main.cpp">
      <Filter>win32</Filter>
    </ClCompile>
    <ClCompile Include="..\Classes\AppDelegate.cpp">
      <Filter>src</Filter>
    </ClCompile>
    <ClCompile Include="..\Classes\MainScene.cpp">
      <Filter>src</Filter>
    </ClCompile>
    <ClCompile Include="..\Classes\Battle.cpp">
      <Filter>src</Filter>
    </ClCompile>
    <ClCompile Include="..\Classes\Tank.cpp">
      <Filter>src</Filter>
    </ClCompile>
    <ClCompile Include="..\Classes\Msg.cpp">
      <Filter>src</Filter>
    </ClCompile>
  </ItemGroup>
  <ItemGroup>
    <ClInclude Include="main.h">
      <Filter>win32</Filter>
    </ClInclude>
    <ClInclude Include="..\Classes\AppDelegate.h">
      <Filter>src</Filter>
    </ClInclude>
    <ClInclude Include="..\Classes\MainScene.h">
      <Filter>src</Filter>
    </ClInclude>
    <ClInclude Include="..\Classes\Common.h">
      <Filter>src</Filter>
    </ClInclude>
    <ClInclude Include="..\Classes\Battle.h">
      <Filter>src</Filter>
    </ClInclude>
    <ClInclude Include="..\Classes\Map.h">
      <Filter>src</Filter>
    </ClInclude>
    <ClInclude Include="..\Classes\Tank.h">
      <Filter>src</Filter>
    </ClInclude>
    <ClInclude Include="..\Classes\Msg.h">
      <Filter>src</Filter>
    </ClInclude>
  </ItemGroup>
  <ItemGroup>
    <ResourceCompile Include="game.rc">
      <Filter>resource</Filter>
    </ResourceCompile>
  </ItemGroup>
  <ItemGroup>
    <Image Include="..\Resources\map.jpg">
      <Filter>resource</Filter>
    </Image>
    <Image Include="..\Resources\background.jpg">
      <Filter>resource</Filter>
    </Image>
    <Image Include="..\Resources\blue_target.png">
      <Filter>resource</Filter>
    </Image>
    <Image Include="..\Resources\btn_attack.png">
      <Filter>resource</Filter>
    </Image>
    <Image Include="..\Resources\btn_attack_p.png">
      <Filter>resource</Filter>
    </Image>
    <Image Include="..\Resources\btn_check.png">
      <Filter>resource</Filter>
    </Image>
    <Image Include="..\Resources\btn_check_p.png">
      <Filter>resource</Filter>
    </Image>
    <Image Include="..\Resources\btn_end.png">
      <Filter>resource</Filter>
    </Image>
    <Image Include="..\Resources\btn_end_p.png">
      <Filter>resource</Filter>
    </Image>
    <Image Include="..\Resources\btn_move.png">
      <Filter>resource</Filter>
    </Image>
    <Image Include="..\Resources\btn_move_p.png">
      <Filter>resource</Filter>
    </Image>
    <Image Include="..\Resources\btn_reset.png">
      <Filter>resource</Filter>
    </Image>
    <Image Include="..\Resources\btn_reset_p.png">
      <Filter>resource</Filter>
    </Image>
    <Image Include="..\Resources\CloseNormal.png">
      <Filter>resource</Filter>
    </Image>
    <Image Include="..\Resources\CloseSelected.png">
      <Filter>resource</Filter>
    </Image>
    <Image Include="..\Resources\HelloWorld.png">
      <Filter>resource</Filter>
    </Image>
    <Image Include="..\Resources\l0.png">
      <Filter>resource</Filter>
    </Image>
    <Image Include="..\Resources\l1.png">
      <Filter>resource</Filter>
    </Image>
    <Image Include="..\Resources\l2.png">
      <Filter>resource</Filter>
    </Image>
    <Image Include="..\Resources\l3.png">
      <Filter>resource</Filter>
    </Image>
    <Image Include="..\Resources\l4.png">
      <Filter>resource</Filter>
    </Image>
    <Image Include="..\Resources\map.bmp">
      <Filter>resource</Filter>
    </Image>
    <Image Include="..\Resources\red_target.png">
      <Filter>resource</Filter>
    </Image>
    <Image Include="..\Resources\select.png">
      <Filter>resource</Filter>
    </Image>
    <Image Include="..\Resources\setting_bg.png">
      <Filter>resource</Filter>
    </Image>
    <Image Include="..\Resources\status.png">
      <Filter>resource</Filter>
    </Image>
    <Image Include="..\Resources\tank_blue.png">
      <Filter>resource</Filter>
    </Image>
    <Image Include="..\Resources\tank_red.png">
      <Filter>resource</Filter>
    </Image>
  </ItemGroup>
  <ItemGroup>
    <None Include="..\Resources\message.json">
      <Filter>resource</Filter>
    </None>
  </ItemGroup>
</Project>